{
  "name": "demo-react",
  "lockfileVersion": 2,
  "requires": true,
  "packages": {
    "": {
      "dependencies": {
        "react-hooks": "^1.0.1"
      }
    },
    "node_modules/react-hooks": {
      "version": "1.0.1",
      "resolved": "https://registry.npmjs.org/react-hooks/-/react-hooks-1.0.1.tgz",
      "integrity": "sha512-PXU08tw4SvKwkW99qgnyV98x939RCmBC6aXqALPQXPjKq6+6EoH79Rz4KdUozzlpSyWmn2IiEm0vh3p+79aP5w=="
    }
  },
  "dependencies": {
    "react-hooks": {
      "version": "1.0.1",
      "resolved": "https://registry.npmjs.org/react-hooks/-/react-hooks-1.0.1.tgz",
      "integrity": "sha512-PXU08tw4SvKwkW99qgnyV98x939RCmBC6aXqALPQXPjKq6+6EoH79Rz4KdUozzlpSyWmn2IiEm0vh3p+79aP5w=="
    }
  }
}
